
Microsoft Visual Studio Solution File, Format Version 12.00
# Visual Studio Version 17
VisualStudioVersion = 17.0.32112.339
MinimumVisualStudioVersion = 10.0.40219.1
Project("{9A19103F-16F7-4668-BE54-9A1E7A4F7556}") = "FaddeevaSharp", "FaddeevaSharp\FaddeevaSharp.csproj", "{8ED5834B-84A0-41E6-921C-0896A8A80292}"
EndProject
Project("{FAE04EC0-301F-11D3-BF4B-00C04F79EFBC}") = "FaddeevaSharpTest", "FaddeevaSharpTest\FaddeevaSharpTest.csproj", "{9746DC90-DF1F-43A4-9D3F-8C9547A99638}"
EndProject
Global
	GlobalSection(SolutionConfigurationPlatforms) = preSolution
		Debug|Any CPU = Debug|Any CPU
		Release|Any CPU = Release|Any CPU
	EndGlobalSection
	GlobalSection(ProjectConfigurationPlatforms) = postSolution
		{8ED5834B-84A0-41E6-921C-0896A8A80292}.Debug|Any CPU.ActiveCfg = Debug|Any CPU
		{8ED5834B-84A0-41E6-921C-0896A8A80292}.Debug|Any CPU.Build.0 = Debug|Any CPU
		{8ED5834B-84A0-41E6-921C-0896A8A80292}.Release|Any CPU.ActiveCfg = Release|Any CPU
		{8ED5834B-84A0-41E6-921C-0896A8A80292}.Release|Any CPU.Build.0 = Release|Any CPU
		{9746DC90-DF1F-43A4-9D3F-8C9547A99638}.Debug|Any CPU.ActiveCfg = Debug|Any CPU
		{9746DC90-DF1F-43A4-9D3F-8C9547A99638}.Debug|Any CPU.Build.0 = Debug|Any CPU
		{9746DC90-DF1F-43A4-9D3F-8C9547A99638}.Release|Any CPU.ActiveCfg = Release|Any CPU
		{9746DC90-DF1F-43A4-9D3F-8C9547A99638}.Release|Any CPU.Build.0 = Release|Any CPU
	EndGlobalSection
	GlobalSection(SolutionProperties) = preSolution
		HideSolutionNode = FALSE
	EndGlobalSection
	GlobalSection(ExtensibilityGlobals) = postSolution
		SolutionGuid = {66034B7F-04FD-4DAC-A39F-9136652509D5}
	EndGlobalSection
EndGlobal
